{
  "requires": true,
  "lockfileVersion": 1,
  "dependencies": {
    "commander": {
      "version": "4.0.1",
      "resolved": "https://registry.npm.taobao.org/commander/download/commander-4.0.1.tgz?cache=0&sync_timestamp=1573464098030&other_urls=https%3A%2F%2Fregistry.npm.taobao.org%2Fcommander%2Fdownload%2Fcommander-4.0.1.tgz",
      "integrity": "sha1-tnYicheFmTGC6Af0iDYz5kAbpTw="
    }
  }
}
